
Microsoft Visual Studio Solution File, Format Version 12.00
Project("{FAE04EC0-301F-11D3-BF4B-00C04F79EFBC}") = "OutThink.EmailInjectorApp", "outthink-emailinjector-app\OutThink.EmailInjectorApp.csproj", "{86DFC7D7-E483-41B0-AF8E-3F3CFB576DF6}"
EndProject
Project("{FAE04EC0-301F-11D3-BF4B-00C04F79EFBC}") = "Outthink.EmailInjectorApp.Tests", "Outthink.EmailInjectorApp.Tests\Outthink.EmailInjectorApp.Tests.csproj", "{586CB64B-6EF4-4F6D-8241-8763CE37BFEA}"
EndProject
Global
	GlobalSection(SolutionConfigurationPlatforms) = preSolution
		Debug|Any CPU = Debug|Any CPU
		Release|Any CPU = Release|Any CPU
	EndGlobalSection
	GlobalSection(ProjectConfigurationPlatforms) = postSolution
		{ACDA57CB-0A2F-4A91-981F-AE2A29DA78B6}.Debug|Any CPU.ActiveCfg = Debug|Any CPU
		{ACDA57CB-0A2F-4A91-981F-AE2A29DA78B6}.Debug|Any CPU.Build.0 = Debug|Any CPU
		{ACDA57CB-0A2F-4A91-981F-AE2A29DA78B6}.Release|Any CPU.ActiveCfg = Release|Any CPU
		{ACDA57CB-0A2F-4A91-981F-AE2A29DA78B6}.Release|Any CPU.Build.0 = Release|Any CPU
		{86DFC7D7-E483-41B0-AF8E-3F3CFB576DF6}.Debug|Any CPU.ActiveCfg = Debug|Any CPU
		{86DFC7D7-E483-41B0-AF8E-3F3CFB576DF6}.Debug|Any CPU.Build.0 = Debug|Any CPU
		{86DFC7D7-E483-41B0-AF8E-3F3CFB576DF6}.Release|Any CPU.ActiveCfg = Release|Any CPU
		{86DFC7D7-E483-41B0-AF8E-3F3CFB576DF6}.Release|Any CPU.Build.0 = Release|Any CPU
		{586CB64B-6EF4-4F6D-8241-8763CE37BFEA}.Debug|Any CPU.ActiveCfg = Debug|Any CPU
		{586CB64B-6EF4-4F6D-8241-8763CE37BFEA}.Debug|Any CPU.Build.0 = Debug|Any CPU
		{586CB64B-6EF4-4F6D-8241-8763CE37BFEA}.Release|Any CPU.ActiveCfg = Release|Any CPU
		{586CB64B-6EF4-4F6D-8241-8763CE37BFEA}.Release|Any CPU.Build.0 = Release|Any CPU
	EndGlobalSection
EndGlobal
